
Microsoft Visual Studio Solution File, Format Version 12.00
# Visual Studio Version 17
VisualStudioVersion = 17.7.34031.279
MinimumVisualStudioVersion = 10.0.40219.1
Project("{FAE04EC0-301F-11D3-BF4B-00C04F79EFBC}") = "SuggestResturantsApp", "SuggestResturantsApp\SuggestResturantsApp.csproj", "{7768D219-0A68-4F17-A9ED-92883BCB5853}"
EndProject
Global
	GlobalSection(SolutionConfigurationPlatforms) = preSolution
		Debug|Any CPU = Debug|Any CPU
		Release|Any CPU = Release|Any CPU
	EndGlobalSection
	GlobalSection(ProjectConfigurationPlatforms) = postSolution
		{7768D219-0A68-4F17-A9ED-92883BCB5853}.Debug|Any CPU.ActiveCfg = Debug|Any CPU
		{7768D219-0A68-4F17-A9ED-92883BCB5853}.Debug|Any CPU.Build.0 = Debug|Any CPU
		{7768D219-0A68-4F17-A9ED-92883BCB5853}.Release|Any CPU.ActiveCfg = Release|Any CPU
		{7768D219-0A68-4F17-A9ED-92883BCB5853}.Release|Any CPU.Build.0 = Release|Any CPU
	EndGlobalSection
	GlobalSection(SolutionProperties) = preSolution
		HideSolutionNode = FALSE
	EndGlobalSection
	GlobalSection(ExtensibilityGlobals) = postSolution
		SolutionGuid = {354143A7-0E2C-49FA-A5A4-BA472C3F0138}
	EndGlobalSection
EndGlobal
